{
  "name": "rollup-config-analyzer",
  "version": "1.1.1",
  "lockfileVersion": 1,
  "requires": true,
  "dependencies": {
    "@types/estree": {
      "version": "0.0.39",
      "resolved": "https://registry.npmjs.org/@types/estree/-/estree-0.0.39.tgz",
      "integrity": "sha512-EYNwp3bU+98cpU4lAWYYL7Zz+2gryWH1qbdDTidVd6hkiR6weksdbMadyXKXNPEkQFhXM+hVO9ZygomHXp+AIw==",
      "dev": true
    },
    "@types/node": {
      "version": "10.3.2",
      "resolved": "https://registry.npmjs.org/@types/node/-/node-10.3.2.tgz",
      "integrity": "sha512-9NfEUDp3tgRhmoxzTpTo+lq+KIVFxZahuRX0LHF/9IzKHaWuoWsIrrJ61zw5cnnlGINX8lqJzXYfQTOICS5Q+A==",
      "dev": true
    },
    "ci-info": {
      "version": "1.1.3",
      "resolved": "https://registry.npmjs.org/ci-info/-/ci-info-1.1.3.tgz",
      "integrity": "sha512-SK/846h/Rcy8q9Z9CAwGBLfCJ6EkjJWdpelWDufQpqVDYq2Wnnv8zlSO6AMQap02jvhVruKKpEtQOufo3pFhLg==",
      "dev": true
    },
    "husky": {
      "version": "0.14.3",
      "resolved": "https://registry.npmjs.org/husky/-/husky-0.14.3.tgz",
      "integrity": "sha512-e21wivqHpstpoiWA/Yi8eFti8E+sQDSS53cpJsPptPs295QTOQR0ZwnHo2TXy1XOpZFD9rPOd3NpmqTK6uMLJA==",
      "dev": true,
      "requires": {
        "is-ci": "1.1.0",
        "normalize-path": "1.0.0",
        "strip-indent": "2.0.0"
      }
    },
    "is-ci": {
      "version": "1.1.0",
      "resolved": "https://registry.npmjs.org/is-ci/-/is-ci-1.1.0.tgz",
      "integrity": "sha512-c7TnwxLePuqIlxHgr7xtxzycJPegNHFuIrBkwbf8hc58//+Op1CqFkyS+xnIMkwn9UsJIwc174BIjkyBmSpjKg==",
      "dev": true,
      "requires": {
        "ci-info": "1.1.3"
      }
    },
    "normalize-path": {
      "version": "1.0.0",
      "resolved": "https://registry.npmjs.org/normalize-path/-/normalize-path-1.0.0.tgz",
      "integrity": "sha1-MtDkcvkf80VwHBWoMRAY07CpA3k=",
      "dev": true
    },
    "rollup": {
      "version": "0.60.1",
      "resolved": "https://registry.npmjs.org/rollup/-/rollup-0.60.1.tgz",
      "integrity": "sha512-LujiS7PH8DwKAphB2ldaSEF1EX9hWY9w+mct2b4DczC8tvn7qwmr9ZFLtM9IT7gPFYlmS8O1JdiLT/aEiBEcsA==",
      "dev": true,
      "requires": {
        "@types/estree": "0.0.39",
        "@types/node": "10.3.2"
      }
    },
    "rollup-plugin-analyzer": {
      "version": "2.0.1",
      "resolved": "https://registry.npmjs.org/rollup-plugin-analyzer/-/rollup-plugin-analyzer-2.0.1.tgz",
      "integrity": "sha512-neI1PmsxoXFD7AdbgHK5WJtEGkv4LVm+KnuLVQu0nEKxCYZZRDrSEOtFKGtp/f1LuJc2PLIgrLSKnkyvN/000g=="
    },
    "strip-indent": {
      "version": "2.0.0",
      "resolved": "https://registry.npmjs.org/strip-indent/-/strip-indent-2.0.0.tgz",
      "integrity": "sha1-XvjbKV0B5u1sv3qrlpmNeCJSe2g=",
      "dev": true
    }
  }
}
