{
  "name": "rollup-config-analyzer",
  "version": "2.2.0",
  "lockfileVersion": 1,
  "requires": true,
  "dependencies": {
    "fsevents": {
      "version": "2.1.3",
      "resolved": "https://registry.npmjs.org/fsevents/-/fsevents-2.1.3.tgz",
      "integrity": "sha512-Auw9a4AxqWpa9GUfj370BMPzzyncfBABW8Mab7BGWBYDj4Isgq+cDKtx0i6u9jcX9pQDnswsaaOTgTmA5pEjuQ==",
      "dev": true,
      "optional": true
    },
    "husky": {
      "version": "8.0.3",
      "resolved": "https://registry.npmjs.org/husky/-/husky-8.0.3.tgz",
      "integrity": "sha512-+dQSyqPh4x1hlO1swXBiNb2HzTDN1I2IGLQx1GrBuiqFJfoMrnZWwVmatvSiO+Iz8fBUnf+lekwNo4c2LlXItg==",
      "dev": true
    },
    "rollup": {
      "version": "2.21.0",
      "resolved": "https://registry.npmjs.org/rollup/-/rollup-2.21.0.tgz",
      "integrity": "sha512-BEGgy+wSzux7Ycq58pRiWEOBZaXRXTuvzl1gsm7gqmsAHxkWf9nyA5V2LN9fGSHhhDQd0/C13iRzSh4bbIpWZQ==",
      "dev": true,
      "requires": {
        "fsevents": "~2.1.2"
      }
    },
    "rollup-plugin-analyzer": {
      "version": "3.3.0",
      "resolved": "https://registry.npmjs.org/rollup-plugin-analyzer/-/rollup-plugin-analyzer-3.3.0.tgz",
      "integrity": "sha512-zUPGitW4usmZcVa0nKecRvw3odtXgnxdCben9Hx1kxVoR3demek8RU9tmRG/R35hnRPQTb7wEsYEe3GUcjxIMA=="
    }
  }
}
